
Microsoft Visual Studio Solution File, Format Version 12.00
# Visual Studio Version 16
VisualStudioVersion = 16.0.31515.178
MinimumVisualStudioVersion = 10.0.40219.1
Project("{FAE04EC0-301F-11D3-BF4B-00C04F79EFBC}") = "KeepCalmAndAllinone", "KeepCalmAndAllinone\KeepCalmAndAllinone.csproj", "{9C24D134-0FAE-466D-81FB-D11A4EE52535}"
EndProject
Project("{FAE04EC0-301F-11D3-BF4B-00C04F79EFBC}") = "PartyMaker", "ObjectLibrary\PartyMaker.csproj", "{45A29776-20C4-4F92-9597-74D6D848B9DD}"
EndProject
Global
	GlobalSection(SolutionConfigurationPlatforms) = preSolution
		Debug|Any CPU = Debug|Any CPU
		Release|Any CPU = Release|Any CPU
	EndGlobalSection
	GlobalSection(ProjectConfigurationPlatforms) = postSolution
		{9C24D134-0FAE-466D-81FB-D11A4EE52535}.Debug|Any CPU.ActiveCfg = Debug|Any CPU
		{9C24D134-0FAE-466D-81FB-D11A4EE52535}.Debug|Any CPU.Build.0 = Debug|Any CPU
		{9C24D134-0FAE-466D-81FB-D11A4EE52535}.Release|Any CPU.ActiveCfg = Release|Any CPU
		{9C24D134-0FAE-466D-81FB-D11A4EE52535}.Release|Any CPU.Build.0 = Release|Any CPU
		{45A29776-20C4-4F92-9597-74D6D848B9DD}.Debug|Any CPU.ActiveCfg = Debug|Any CPU
		{45A29776-20C4-4F92-9597-74D6D848B9DD}.Debug|Any CPU.Build.0 = Debug|Any CPU
		{45A29776-20C4-4F92-9597-74D6D848B9DD}.Release|Any CPU.ActiveCfg = Release|Any CPU
		{45A29776-20C4-4F92-9597-74D6D848B9DD}.Release|Any CPU.Build.0 = Release|Any CPU
	EndGlobalSection
	GlobalSection(SolutionProperties) = preSolution
		HideSolutionNode = FALSE
	EndGlobalSection
	GlobalSection(ExtensibilityGlobals) = postSolution
		SolutionGuid = {55A8BD26-2998-495E-97C0-43D4475ABBB1}
	EndGlobalSection
EndGlobal
